// !$*UTF8*$!
{
	archiveVersion = 1;
	classes = {
	};
	objectVersion = 56;
	objects = {

/* Begin PBXBuildFile section */
		E83A407B2BEC962300F16458 /* User.swift in Sources */ = {isa = PBXBuildFile; fileRef = E83A407A2BEC962300F16458 /* User.swift */; };
		E83A407D2BEC9B8900F16458 /* CurrentUserProfileView.swift in Sources */ = {isa = PBXBuildFile; fileRef = E83A407C2BEC9B8900F16458 /* CurrentUserProfileView.swift */; };
		E83A407F2BECA41200F16458 /* Post.swift in Sources */ = {isa = PBXBuildFile; fileRef = E83A407E2BECA41200F16458 /* Post.swift */; };
		E83A40812BECB5C900F16458 /* UserButtonOptionView.swift in Sources */ = {isa = PBXBuildFile; fileRef = E83A40802BECB5C900F16458 /* UserButtonOptionView.swift */; };
		E83A40862BECCED500F16458 /* PostGridView.swift in Sources */ = {isa = PBXBuildFile; fileRef = E83A40852BECCED500F16458 /* PostGridView.swift */; };
		E83A40882BEDFE5E00F16458 /* ProfileHeaderView.swift in Sources */ = {isa = PBXBuildFile; fileRef = E83A40872BEDFE5E00F16458 /* ProfileHeaderView.swift */; };
		E83A408A2BEE002900F16458 /* ImageSelectionView.swift in Sources */ = {isa = PBXBuildFile; fileRef = E83A40892BEE002900F16458 /* ImageSelectionView.swift */; };
		E83A408C2BEE052B00F16458 /* UploadPostView.swift in Sources */ = {isa = PBXBuildFile; fileRef = E83A408B2BEE052B00F16458 /* UploadPostView.swift */; };
		E83A40942BEE2E6400F16458 /* UploadPostViewModel.swift in Sources */ = {isa = PBXBuildFile; fileRef = E83A40932BEE2E6400F16458 /* UploadPostViewModel.swift */; };
		E83A40962BEE3C6C00F16458 /* PhotoLibraryView.swift in Sources */ = {isa = PBXBuildFile; fileRef = E83A40952BEE3C6C00F16458 /* PhotoLibraryView.swift */; };
		E83A40992BEE3ECF00F16458 /* Photos.framework in Frameworks */ = {isa = PBXBuildFile; fileRef = E83A40982BEE3ECF00F16458 /* Photos.framework */; };
		E83A409B2BEE400500F16458 /* PhotoView.swift in Sources */ = {isa = PBXBuildFile; fileRef = E83A409A2BEE400500F16458 /* PhotoView.swift */; };
		E8589FCD2BF1E8B80095F717 /* GoogleService-Info.plist in Resources */ = {isa = PBXBuildFile; fileRef = E8589FCC2BF1E8B80095F717 /* GoogleService-Info.plist */; };
		E8589FD02BF1E9EB0095F717 /* FirebaseAuth in Frameworks */ = {isa = PBXBuildFile; productRef = E8589FCF2BF1E9EB0095F717 /* FirebaseAuth */; };
		E8589FD22BF1E9EB0095F717 /* FirebaseFirestore in Frameworks */ = {isa = PBXBuildFile; productRef = E8589FD12BF1E9EB0095F717 /* FirebaseFirestore */; };
		E8589FD42BF1E9EB0095F717 /* FirebaseFirestoreSwift in Frameworks */ = {isa = PBXBuildFile; productRef = E8589FD32BF1E9EB0095F717 /* FirebaseFirestoreSwift */; };
		E8589FD62BF1E9EB0095F717 /* FirebaseStorage in Frameworks */ = {isa = PBXBuildFile; productRef = E8589FD52BF1E9EB0095F717 /* FirebaseStorage */; };
		E8589FDA2BF1EC6D0095F717 /* AuthService.swift in Sources */ = {isa = PBXBuildFile; fileRef = E8589FD92BF1EC6D0095F717 /* AuthService.swift */; };
		E8589FE12BF1F0BC0095F717 /* ContentViewModel.swift in Sources */ = {isa = PBXBuildFile; fileRef = E8589FE02BF1F0BC0095F717 /* ContentViewModel.swift */; };
		E8589FE42BF1FE890095F717 /* RegistrationViewModel.swift in Sources */ = {isa = PBXBuildFile; fileRef = E8589FE32BF1FE890095F717 /* RegistrationViewModel.swift */; };
		E8589FE62BF211000095F717 /* LoginViewModel.swift in Sources */ = {isa = PBXBuildFile; fileRef = E8589FE52BF211000095F717 /* LoginViewModel.swift */; };
		E8589FE82BF4A34F0095F717 /* UserService.swift in Sources */ = {isa = PBXBuildFile; fileRef = E8589FE72BF4A34F0095F717 /* UserService.swift */; };
		E8589FEC2BF4A6200095F717 /* SearchViewModel.swift in Sources */ = {isa = PBXBuildFile; fileRef = E8589FEB2BF4A6200095F717 /* SearchViewModel.swift */; };
		E8589FEE2BF5DB8E0095F717 /* EditProfileView.swift in Sources */ = {isa = PBXBuildFile; fileRef = E8589FED2BF5DB8E0095F717 /* EditProfileView.swift */; };
		E8589FF02BF5E0E80095F717 /* EditProfileRowView.swift in Sources */ = {isa = PBXBuildFile; fileRef = E8589FEF2BF5E0E80095F717 /* EditProfileRowView.swift */; };
		E8589FF22BF5E3550095F717 /* EditProfileViewModel.swift in Sources */ = {isa = PBXBuildFile; fileRef = E8589FF12BF5E3550095F717 /* EditProfileViewModel.swift */; };
		E8589FF42BF5ECBB0095F717 /* ImageUploader.swift in Sources */ = {isa = PBXBuildFile; fileRef = E8589FF32BF5ECBB0095F717 /* ImageUploader.swift */; };
		E8589FF72BF5F3450095F717 /* Kingfisher in Frameworks */ = {isa = PBXBuildFile; productRef = E8589FF62BF5F3450095F717 /* Kingfisher */; };
		E8589FF92BF5F37E0095F717 /* CircularProfileImageView.swift in Sources */ = {isa = PBXBuildFile; fileRef = E8589FF82BF5F37E0095F717 /* CircularProfileImageView.swift */; };
		E89087562BE216BE000AA2B4 /* LoginView.swift in Sources */ = {isa = PBXBuildFile; fileRef = E89087552BE216BE000AA2B4 /* LoginView.swift */; };
		E89087582BE224D7000AA2B4 /* AddEmailView.swift in Sources */ = {isa = PBXBuildFile; fileRef = E89087572BE224D7000AA2B4 /* AddEmailView.swift */; };
		E890875A2BE2271C000AA2B4 /* IGTextFieldModifier.swift in Sources */ = {isa = PBXBuildFile; fileRef = E89087592BE2271C000AA2B4 /* IGTextFieldModifier.swift */; };
		E890875C2BE22824000AA2B4 /* CreateUsernameView.swift in Sources */ = {isa = PBXBuildFile; fileRef = E890875B2BE22824000AA2B4 /* CreateUsernameView.swift */; };
		E890875E2BE2311E000AA2B4 /* CreatePasswordView.swift in Sources */ = {isa = PBXBuildFile; fileRef = E890875D2BE2311E000AA2B4 /* CreatePasswordView.swift */; };
		E89087602BE23CA9000AA2B4 /* CompletsSignUpView.swift in Sources */ = {isa = PBXBuildFile; fileRef = E890875F2BE23CA9000AA2B4 /* CompletsSignUpView.swift */; };
		E8F9C4F52BE0B08A002EC81D /* InstagramTutorialApp.swift in Sources */ = {isa = PBXBuildFile; fileRef = E8F9C4F42BE0B08A002EC81D /* InstagramTutorialApp.swift */; };
		E8F9C4F72BE0B08A002EC81D /* ContentView.swift in Sources */ = {isa = PBXBuildFile; fileRef = E8F9C4F62BE0B08A002EC81D /* ContentView.swift */; };
		E8F9C4F92BE0B08D002EC81D /* Assets.xcassets in Resources */ = {isa = PBXBuildFile; fileRef = E8F9C4F82BE0B08D002EC81D /* Assets.xcassets */; };
		E8F9C4FC2BE0B08D002EC81D /* Preview Assets.xcassets in Resources */ = {isa = PBXBuildFile; fileRef = E8F9C4FB2BE0B08D002EC81D /* Preview Assets.xcassets */; };
		E8F9C5102BE0B4AE002EC81D /* MainTabView.swift in Sources */ = {isa = PBXBuildFile; fileRef = E8F9C50F2BE0B4AE002EC81D /* MainTabView.swift */; };
		E8F9C5122BE0B63A002EC81D /* ProfileView.swift in Sources */ = {isa = PBXBuildFile; fileRef = E8F9C5112BE0B63A002EC81D /* ProfileView.swift */; };
		E8F9C5152BE0BC37002EC81D /* UserStatView.swift in Sources */ = {isa = PBXBuildFile; fileRef = E8F9C5142BE0BC37002EC81D /* UserStatView.swift */; };
		E8F9C5172BE0E225002EC81D /* FeedView.swift in Sources */ = {isa = PBXBuildFile; fileRef = E8F9C5162BE0E225002EC81D /* FeedView.swift */; };
		E8F9C5192BE0E238002EC81D /* FeedCell.swift in Sources */ = {isa = PBXBuildFile; fileRef = E8F9C5182BE0E238002EC81D /* FeedCell.swift */; };
		E8F9C51B2BE0EB9C002EC81D /* SearchView.swift in Sources */ = {isa = PBXBuildFile; fileRef = E8F9C51A2BE0EB9C002EC81D /* SearchView.swift */; };
/* End PBXBuildFile section */

/* Begin PBXFileReference section */
		E83A407A2BEC962300F16458 /* User.swift */ = {isa = PBXFileReference; lastKnownFileType = sourcecode.swift; path = User.swift; sourceTree = "<group>"; };
		E83A407C2BEC9B8900F16458 /* CurrentUserProfileView.swift */ = {isa = PBXFileReference; lastKnownFileType = sourcecode.swift; path = CurrentUserProfileView.swift; sourceTree = "<group>"; };
		E83A407E2BECA41200F16458 /* Post.swift */ = {isa = PBXFileReference; lastKnownFileType = sourcecode.swift; path = Post.swift; sourceTree = "<group>"; };
		E83A40802BECB5C900F16458 /* UserButtonOptionView.swift */ = {isa = PBXFileReference; lastKnownFileType = sourcecode.swift; path = UserButtonOptionView.swift; sourceTree = "<group>"; };
		E83A40852BECCED500F16458 /* PostGridView.swift */ = {isa = PBXFileReference; lastKnownFileType = sourcecode.swift; path = PostGridView.swift; sourceTree = "<group>"; };
		E83A40872BEDFE5E00F16458 /* ProfileHeaderView.swift */ = {isa = PBXFileReference; lastKnownFileType = sourcecode.swift; path = ProfileHeaderView.swift; sourceTree = "<group>"; };
		E83A40892BEE002900F16458 /* ImageSelectionView.swift */ = {isa = PBXFileReference; lastKnownFileType = sourcecode.swift; path = ImageSelectionView.swift; sourceTree = "<group>"; };
		E83A408B2BEE052B00F16458 /* UploadPostView.swift */ = {isa = PBXFileReference; lastKnownFileType = sourcecode.swift; path = UploadPostView.swift; sourceTree = "<group>"; };
		E83A40932BEE2E6400F16458 /* UploadPostViewModel.swift */ = {isa = PBXFileReference; lastKnownFileType = sourcecode.swift; path = UploadPostViewModel.swift; sourceTree = "<group>"; };
		E83A40952BEE3C6C00F16458 /* PhotoLibraryView.swift */ = {isa = PBXFileReference; lastKnownFileType = sourcecode.swift; path = PhotoLibraryView.swift; sourceTree = "<group>"; };
		E83A40982BEE3ECF00F16458 /* Photos.framework */ = {isa = PBXFileReference; lastKnownFileType = wrapper.framework; name = Photos.framework; path = System/Library/Frameworks/Photos.framework; sourceTree = SDKROOT; };
		E83A409A2BEE400500F16458 /* PhotoView.swift */ = {isa = PBXFileReference; lastKnownFileType = sourcecode.swift; path = PhotoView.swift; sourceTree = "<group>"; };
		E8589FCC2BF1E8B80095F717 /* GoogleService-Info.plist */ = {isa = PBXFileReference; fileEncoding = 4; lastKnownFileType = text.plist.xml; path = "GoogleService-Info.plist"; sourceTree = SOURCE_ROOT; };
		E8589FD92BF1EC6D0095F717 /* AuthService.swift */ = {isa = PBXFileReference; lastKnownFileType = sourcecode.swift; path = AuthService.swift; sourceTree = "<group>"; };
		E8589FE02BF1F0BC0095F717 /* ContentViewModel.swift */ = {isa = PBXFileReference; lastKnownFileType = sourcecode.swift; path = ContentViewModel.swift; sourceTree = "<group>"; };
		E8589FE32BF1FE890095F717 /* RegistrationViewModel.swift */ = {isa = PBXFileReference; lastKnownFileType = sourcecode.swift; path = RegistrationViewModel.swift; sourceTree = "<group>"; };
		E8589FE52BF211000095F717 /* LoginViewModel.swift */ = {isa = PBXFileReference; lastKnownFileType = sourcecode.swift; path = LoginViewModel.swift; sourceTree = "<group>"; };
		E8589FE72BF4A34F0095F717 /* UserService.swift */ = {isa = PBXFileReference; lastKnownFileType = sourcecode.swift; path = UserService.swift; sourceTree = "<group>"; };
		E8589FEB2BF4A6200095F717 /* SearchViewModel.swift */ = {isa = PBXFileReference; lastKnownFileType = sourcecode.swift; path = SearchViewModel.swift; sourceTree = "<group>"; };
		E8589FED2BF5DB8E0095F717 /* EditProfileView.swift */ = {isa = PBXFileReference; lastKnownFileType = sourcecode.swift; path = EditProfileView.swift; sourceTree = "<group>"; };
		E8589FEF2BF5E0E80095F717 /* EditProfileRowView.swift */ = {isa = PBXFileReference; lastKnownFileType = sourcecode.swift; path = EditProfileRowView.swift; sourceTree = "<group>"; };
		E8589FF12BF5E3550095F717 /* EditProfileViewModel.swift */ = {isa = PBXFileReference; lastKnownFileType = sourcecode.swift; path = EditProfileViewModel.swift; sourceTree = "<group>"; };
		E8589FF32BF5ECBB0095F717 /* ImageUploader.swift */ = {isa = PBXFileReference; lastKnownFileType = sourcecode.swift; path = ImageUploader.swift; sourceTree = "<group>"; };
		E8589FF82BF5F37E0095F717 /* CircularProfileImageView.swift */ = {isa = PBXFileReference; lastKnownFileType = sourcecode.swift; path = CircularProfileImageView.swift; sourceTree = "<group>"; };
		E89087552BE216BE000AA2B4 /* LoginView.swift */ = {isa = PBXFileReference; lastKnownFileType = sourcecode.swift; path = LoginView.swift; sourceTree = "<group>"; };
		E89087572BE224D7000AA2B4 /* AddEmailView.swift */ = {isa = PBXFileReference; lastKnownFileType = sourcecode.swift; path = AddEmailView.swift; sourceTree = "<group>"; };
		E89087592BE2271C000AA2B4 /* IGTextFieldModifier.swift */ = {isa = PBXFileReference; lastKnownFileType = sourcecode.swift; path = IGTextFieldModifier.swift; sourceTree = "<group>"; };
		E890875B2BE22824000AA2B4 /* CreateUsernameView.swift */ = {isa = PBXFileReference; lastKnownFileType = sourcecode.swift; path = CreateUsernameView.swift; sourceTree = "<group>"; };
		E890875D2BE2311E000AA2B4 /* CreatePasswordView.swift */ = {isa = PBXFileReference; lastKnownFileType = sourcecode.swift; path = CreatePasswordView.swift; sourceTree = "<group>"; };
		E890875F2BE23CA9000AA2B4 /* CompletsSignUpView.swift */ = {isa = PBXFileReference; lastKnownFileType = sourcecode.swift; path = CompletsSignUpView.swift; sourceTree = "<group>"; };
		E8F9C4F12BE0B08A002EC81D /* InstagramTutorial.app */ = {isa = PBXFileReference; explicitFileType = wrapper.application; includeInIndex = 0; path = InstagramTutorial.app; sourceTree = BUILT_PRODUCTS_DIR; };
		E8F9C4F42BE0B08A002EC81D /* InstagramTutorialApp.swift */ = {isa = PBXFileReference; lastKnownFileType = sourcecode.swift; path = InstagramTutorialApp.swift; sourceTree = "<group>"; };
		E8F9C4F62BE0B08A002EC81D /* ContentView.swift */ = {isa = PBXFileReference; lastKnownFileType = sourcecode.swift; path = ContentView.swift; sourceTree = "<group>"; };
		E8F9C4F82BE0B08D002EC81D /* Assets.xcassets */ = {isa = PBXFileReference; lastKnownFileType = folder.assetcatalog; path = Assets.xcassets; sourceTree = "<group>"; };
		E8F9C4FB2BE0B08D002EC81D /* Preview Assets.xcassets */ = {isa = PBXFileReference; lastKnownFileType = folder.assetcatalog; path = "Preview Assets.xcassets"; sourceTree = "<group>"; };
		E8F9C50F2BE0B4AE002EC81D /* MainTabView.swift */ = {isa = PBXFileReference; lastKnownFileType = sourcecode.swift; path = MainTabView.swift; sourceTree = "<group>"; };
		E8F9C5112BE0B63A002EC81D /* ProfileView.swift */ = {isa = PBXFileReference; lastKnownFileType = sourcecode.swift; path = ProfileView.swift; sourceTree = "<group>"; };
		E8F9C5142BE0BC37002EC81D /* UserStatView.swift */ = {isa = PBXFileReference; lastKnownFileType = sourcecode.swift; path = UserStatView.swift; sourceTree = "<group>"; };
		E8F9C5162BE0E225002EC81D /* FeedView.swift */ = {isa = PBXFileReference; lastKnownFileType = sourcecode.swift; path = FeedView.swift; sourceTree = "<group>"; };
		E8F9C5182BE0E238002EC81D /* FeedCell.swift */ = {isa = PBXFileReference; lastKnownFileType = sourcecode.swift; path = FeedCell.swift; sourceTree = "<group>"; };
		E8F9C51A2BE0EB9C002EC81D /* SearchView.swift */ = {isa = PBXFileReference; lastKnownFileType = sourcecode.swift; path = SearchView.swift; sourceTree = "<group>"; };
/* End PBXFileReference section */

/* Begin PBXFrameworksBuildPhase section */
		E8F9C4EE2BE0B08A002EC81D /* Frameworks */ = {
			isa = PBXFrameworksBuildPhase;
			buildActionMask = 2147483647;
			files = (
				E8589FF72BF5F3450095F717 /* Kingfisher in Frameworks */,
				E83A40992BEE3ECF00F16458 /* Photos.framework in Frameworks */,
				E8589FD02BF1E9EB0095F717 /* FirebaseAuth in Frameworks */,
				E8589FD22BF1E9EB0095F717 /* FirebaseFirestore in Frameworks */,
				E8589FD62BF1E9EB0095F717 /* FirebaseStorage in Frameworks */,
				E8589FD42BF1E9EB0095F717 /* FirebaseFirestoreSwift in Frameworks */,
			);
			runOnlyForDeploymentPostprocessing = 0;
		};
/* End PBXFrameworksBuildPhase section */

/* Begin PBXGroup section */
		E83A40822BECCB0100F16458 /* ViewModel */ = {
			isa = PBXGroup;
			children = (
				E83A40932BEE2E6400F16458 /* UploadPostViewModel.swift */,
			);
			path = ViewModel;
			sourceTree = "<group>";
		};
		E83A40972BEE3ECE00F16458 /* Frameworks */ = {
			isa = PBXGroup;
			children = (
				E83A40982BEE3ECF00F16458 /* Photos.framework */,
			);
			name = Frameworks;
			sourceTree = "<group>";
		};
		E8589FD72BF1EC210095F717 /* View */ = {
			isa = PBXGroup;
			children = (
				E89087552BE216BE000AA2B4 /* LoginView.swift */,
				E89087572BE224D7000AA2B4 /* AddEmailView.swift */,
				E890875B2BE22824000AA2B4 /* CreateUsernameView.swift */,
				E890875D2BE2311E000AA2B4 /* CreatePasswordView.swift */,
				E890875F2BE23CA9000AA2B4 /* CompletsSignUpView.swift */,
			);
			path = View;
			sourceTree = "<group>";
		};
		E8589FD82BF1EC480095F717 /* Service */ = {
			isa = PBXGroup;
			children = (
				E8589FD92BF1EC6D0095F717 /* AuthService.swift */,
			);
			path = Service;
			sourceTree = "<group>";
		};
		E8589FDB2BF1F03B0095F717 /* View */ = {
			isa = PBXGroup;
			children = (
				E8F9C4F62BE0B08A002EC81D /* ContentView.swift */,
			);
			path = View;
			sourceTree = "<group>";
		};
		E8589FDC2BF1F0430095F717 /* ViewModel */ = {
			isa = PBXGroup;
			children = (
				E8589FE02BF1F0BC0095F717 /* ContentViewModel.swift */,
			);
			path = ViewModel;
			sourceTree = "<group>";
		};
		E8589FDD2BF1F0600095F717 /* View */ = {
			isa = PBXGroup;
			children = (
				E8F9C5112BE0B63A002EC81D /* ProfileView.swift */,
				E83A407C2BEC9B8900F16458 /* CurrentUserProfileView.swift */,
				E83A40802BECB5C900F16458 /* UserButtonOptionView.swift */,
				E83A40872BEDFE5E00F16458 /* ProfileHeaderView.swift */,
				E8589FED2BF5DB8E0095F717 /* EditProfileView.swift */,
				E8589FEF2BF5E0E80095F717 /* EditProfileRowView.swift */,
			);
			path = View;
			sourceTree = "<group>";
		};
		E8589FDE2BF1F0690095F717 /* ViewModel */ = {
			isa = PBXGroup;
			children = (
				E8589FF12BF5E3550095F717 /* EditProfileViewModel.swift */,
			);
			path = ViewModel;
			sourceTree = "<group>";
		};
		E8589FDF2BF1F07C0095F717 /* View */ = {
			isa = PBXGroup;
			children = (
				E83A40892BEE002900F16458 /* ImageSelectionView.swift */,
				E83A408B2BEE052B00F16458 /* UploadPostView.swift */,
				E83A40952BEE3C6C00F16458 /* PhotoLibraryView.swift */,
				E83A409A2BEE400500F16458 /* PhotoView.swift */,
			);
			path = View;
			sourceTree = "<group>";
		};
		E8589FE22BF1FE570095F717 /* ViewModel */ = {
			isa = PBXGroup;
			children = (
				E8589FE32BF1FE890095F717 /* RegistrationViewModel.swift */,
				E8589FE52BF211000095F717 /* LoginViewModel.swift */,
			);
			path = ViewModel;
			sourceTree = "<group>";
		};
		E8589FE92BF4A5B10095F717 /* View */ = {
			isa = PBXGroup;
			children = (
				E8F9C51A2BE0EB9C002EC81D /* SearchView.swift */,
			);
			path = View;
			sourceTree = "<group>";
		};
		E8589FEA2BF4A5B70095F717 /* ViewModel */ = {
			isa = PBXGroup;
			children = (
				E8589FEB2BF4A6200095F717 /* SearchViewModel.swift */,
			);
			path = ViewModel;
			sourceTree = "<group>";
		};
		E8F9C4E82BE0B08A002EC81D = {
			isa = PBXGroup;
			children = (
				E8F9C4F32BE0B08A002EC81D /* InstagramTutorial */,
				E8F9C4F22BE0B08A002EC81D /* Products */,
				E83A40972BEE3ECE00F16458 /* Frameworks */,
			);
			sourceTree = "<group>";
		};
		E8F9C4F22BE0B08A002EC81D /* Products */ = {
			isa = PBXGroup;
			children = (
				E8F9C4F12BE0B08A002EC81D /* InstagramTutorial.app */,
			);
			name = Products;
			sourceTree = "<group>";
		};
		E8F9C4F32BE0B08A002EC81D /* InstagramTutorial */ = {
			isa = PBXGroup;
			children = (
				E8F9C5062BE0B12D002EC81D /* App */,
				E8F9C5052BE0B12A002EC81D /* Core */,
				E8F9C5042BE0B128002EC81D /* Extentions */,
				E8F9C5032BE0B125002EC81D /* Model */,
				E8F9C5072BE0B20A002EC81D /* Services */,
				E8589FCC2BF1E8B80095F717 /* GoogleService-Info.plist */,
				E8F9C4F82BE0B08D002EC81D /* Assets.xcassets */,
				E8F9C4FA2BE0B08D002EC81D /* Preview Content */,
			);
			path = InstagramTutorial;
			sourceTree = "<group>";
		};
		E8F9C4FA2BE0B08D002EC81D /* Preview Content */ = {
			isa = PBXGroup;
			children = (
				E8F9C4FB2BE0B08D002EC81D /* Preview Assets.xcassets */,
			);
			path = "Preview Content";
			sourceTree = "<group>";
		};
		E8F9C5032BE0B125002EC81D /* Model */ = {
			isa = PBXGroup;
			children = (
				E83A407A2BEC962300F16458 /* User.swift */,
				E83A407E2BECA41200F16458 /* Post.swift */,
			);
			path = Model;
			sourceTree = "<group>";
		};
		E8F9C5042BE0B128002EC81D /* Extentions */ = {
			isa = PBXGroup;
			children = (
			);
			path = Extentions;
			sourceTree = "<group>";
		};
		E8F9C5052BE0B12A002EC81D /* Core */ = {
			isa = PBXGroup;
			children = (
				E8F9C5082BE0B246002EC81D /* Authentication */,
				E8F9C5132BE0BBF1002EC81D /* Components */,
				E8F9C5092BE0B295002EC81D /* Feed */,
				E8F9C50B2BE0B2AF002EC81D /* Root */,
				E8F9C50A2BE0B2A1002EC81D /* Profile */,
				E8F9C50C2BE0B2C7002EC81D /* Search */,
				E8F9C50D2BE0B308002EC81D /* Tabbar */,
				E8F9C50E2BE0B325002EC81D /* UploadPost */,
			);
			path = Core;
			sourceTree = "<group>";
		};
		E8F9C5062BE0B12D002EC81D /* App */ = {
			isa = PBXGroup;
			children = (
				E8F9C4F42BE0B08A002EC81D /* InstagramTutorialApp.swift */,
			);
			path = App;
			sourceTree = "<group>";
		};
		E8F9C5072BE0B20A002EC81D /* Services */ = {
			isa = PBXGroup;
			children = (
				E8589FE72BF4A34F0095F717 /* UserService.swift */,
				E8589FF32BF5ECBB0095F717 /* ImageUploader.swift */,
			);
			path = Services;
			sourceTree = "<group>";
		};
		E8F9C5082BE0B246002EC81D /* Authentication */ = {
			isa = PBXGroup;
			children = (
				E8589FE22BF1FE570095F717 /* ViewModel */,
				E8589FD82BF1EC480095F717 /* Service */,
				E8589FD72BF1EC210095F717 /* View */,
			);
			path = Authentication;
			sourceTree = "<group>";
		};
		E8F9C5092BE0B295002EC81D /* Feed */ = {
			isa = PBXGroup;
			children = (
				E8F9C5162BE0E225002EC81D /* FeedView.swift */,
				E8F9C5182BE0E238002EC81D /* FeedCell.swift */,
			);
			path = Feed;
			sourceTree = "<group>";
		};
		E8F9C50A2BE0B2A1002EC81D /* Profile */ = {
			isa = PBXGroup;
			children = (
				E8589FDE2BF1F0690095F717 /* ViewModel */,
				E8589FDD2BF1F0600095F717 /* View */,
			);
			path = Profile;
			sourceTree = "<group>";
		};
		E8F9C50B2BE0B2AF002EC81D /* Root */ = {
			isa = PBXGroup;
			children = (
				E8589FDC2BF1F0430095F717 /* ViewModel */,
				E8589FDB2BF1F03B0095F717 /* View */,
			);
			path = Root;
			sourceTree = "<group>";
		};
		E8F9C50C2BE0B2C7002EC81D /* Search */ = {
			isa = PBXGroup;
			children = (
				E8589FEA2BF4A5B70095F717 /* ViewModel */,
				E8589FE92BF4A5B10095F717 /* View */,
			);
			path = Search;
			sourceTree = "<group>";
		};
		E8F9C50D2BE0B308002EC81D /* Tabbar */ = {
			isa = PBXGroup;
			children = (
				E8F9C50F2BE0B4AE002EC81D /* MainTabView.swift */,
			);
			path = Tabbar;
			sourceTree = "<group>";
		};
		E8F9C50E2BE0B325002EC81D /* UploadPost */ = {
			isa = PBXGroup;
			children = (
				E83A40822BECCB0100F16458 /* ViewModel */,
				E8589FDF2BF1F07C0095F717 /* View */,
			);
			path = UploadPost;
			sourceTree = "<group>";
		};
		E8F9C5132BE0BBF1002EC81D /* Components */ = {
			isa = PBXGroup;
			children = (
				E8F9C5142BE0BC37002EC81D /* UserStatView.swift */,
				E89087592BE2271C000AA2B4 /* IGTextFieldModifier.swift */,
				E83A40852BECCED500F16458 /* PostGridView.swift */,
				E8589FF82BF5F37E0095F717 /* CircularProfileImageView.swift */,
			);
			path = Components;
			sourceTree = "<group>";
		};
/* End PBXGroup section */

/* Begin PBXNativeTarget section */
		E8F9C4F02BE0B08A002EC81D /* InstagramTutorial */ = {
			isa = PBXNativeTarget;
			buildConfigurationList = E8F9C4FF2BE0B08D002EC81D /* Build configuration list for PBXNativeTarget "InstagramTutorial" */;
			buildPhases = (
				E8F9C4ED2BE0B08A002EC81D /* Sources */,
				E8F9C4EE2BE0B08A002EC81D /* Frameworks */,
				E8F9C4EF2BE0B08A002EC81D /* Resources */,
			);
			buildRules = (
			);
			dependencies = (
			);
			name = InstagramTutorial;
			packageProductDependencies = (
				E8589FCF2BF1E9EB0095F717 /* FirebaseAuth */,
				E8589FD12BF1E9EB0095F717 /* FirebaseFirestore */,
				E8589FD32BF1E9EB0095F717 /* FirebaseFirestoreSwift */,
				E8589FD52BF1E9EB0095F717 /* FirebaseStorage */,
				E8589FF62BF5F3450095F717 /* Kingfisher */,
			);
			productName = InstagramTutorial;
			productReference = E8F9C4F12BE0B08A002EC81D /* InstagramTutorial.app */;
			productType = "com.apple.product-type.application";
		};
/* End PBXNativeTarget section */

/* Begin PBXProject section */
		E8F9C4E92BE0B08A002EC81D /* Project object */ = {
			isa = PBXProject;
			attributes = {
				BuildIndependentTargetsInParallel = 1;
				LastSwiftUpdateCheck = 1530;
				LastUpgradeCheck = 1530;
				TargetAttributes = {
					E8F9C4F02BE0B08A002EC81D = {
						CreatedOnToolsVersion = 15.3;
					};
				};
			};
			buildConfigurationList = E8F9C4EC2BE0B08A002EC81D /* Build configuration list for PBXProject "InstagramTutorial" */;
			compatibilityVersion = "Xcode 14.0";
			developmentRegion = en;
			hasScannedForEncodings = 0;
			knownRegions = (
				en,
				Base,
			);
			mainGroup = E8F9C4E82BE0B08A002EC81D;
			packageReferences = (
				E8589FCE2BF1E9EB0095F717 /* XCRemoteSwiftPackageReference "firebase-ios-sdk" */,
				E8589FF52BF5F3450095F717 /* XCRemoteSwiftPackageReference "kingfisher" */,
			);
			productRefGroup = E8F9C4F22BE0B08A002EC81D /* Products */;
			projectDirPath = "";
			projectRoot = "";
			targets = (
				E8F9C4F02BE0B08A002EC81D /* InstagramTutorial */,
			);
		};
/* End PBXProject section */

/* Begin PBXResourcesBuildPhase section */
		E8F9C4EF2BE0B08A002EC81D /* Resources */ = {
			isa = PBXResourcesBuildPhase;
			buildActionMask = 2147483647;
			files = (
				E8F9C4FC2BE0B08D002EC81D /* Preview Assets.xcassets in Resources */,
				E8F9C4F92BE0B08D002EC81D /* Assets.xcassets in Resources */,
				E8589FCD2BF1E8B80095F717 /* GoogleService-Info.plist in Resources */,
			);
			runOnlyForDeploymentPostprocessing = 0;
		};
/* End PBXResourcesBuildPhase section */

/* Begin PBXSourcesBuildPhase section */
		E8F9C4ED2BE0B08A002EC81D /* Sources */ = {
			isa = PBXSourcesBuildPhase;
			buildActionMask = 2147483647;
			files = (
				E8F9C5192BE0E238002EC81D /* FeedCell.swift in Sources */,
				E8589FF92BF5F37E0095F717 /* CircularProfileImageView.swift in Sources */,
				E83A409B2BEE400500F16458 /* PhotoView.swift in Sources */,
				E89087582BE224D7000AA2B4 /* AddEmailView.swift in Sources */,
				E8589FEE2BF5DB8E0095F717 /* EditProfileView.swift in Sources */,
				E8589FE42BF1FE890095F717 /* RegistrationViewModel.swift in Sources */,
				E8F9C5122BE0B63A002EC81D /* ProfileView.swift in Sources */,
				E83A408A2BEE002900F16458 /* ImageSelectionView.swift in Sources */,
				E8589FF42BF5ECBB0095F717 /* ImageUploader.swift in Sources */,
				E8589FF02BF5E0E80095F717 /* EditProfileRowView.swift in Sources */,
				E8F9C4F72BE0B08A002EC81D /* ContentView.swift in Sources */,
				E83A40882BEDFE5E00F16458 /* ProfileHeaderView.swift in Sources */,
				E8589FE62BF211000095F717 /* LoginViewModel.swift in Sources */,
				E83A407F2BECA41200F16458 /* Post.swift in Sources */,
				E89087562BE216BE000AA2B4 /* LoginView.swift in Sources */,
				E83A407D2BEC9B8900F16458 /* CurrentUserProfileView.swift in Sources */,
				E8F9C4F52BE0B08A002EC81D /* InstagramTutorialApp.swift in Sources */,
				E8589FE82BF4A34F0095F717 /* UserService.swift in Sources */,
				E83A40962BEE3C6C00F16458 /* PhotoLibraryView.swift in Sources */,
				E83A40862BECCED500F16458 /* PostGridView.swift in Sources */,
				E83A40942BEE2E6400F16458 /* UploadPostViewModel.swift in Sources */,
				E890875C2BE22824000AA2B4 /* CreateUsernameView.swift in Sources */,
				E8589FEC2BF4A6200095F717 /* SearchViewModel.swift in Sources */,
				E89087602BE23CA9000AA2B4 /* CompletsSignUpView.swift in Sources */,
				E83A407B2BEC962300F16458 /* User.swift in Sources */,
				E8F9C51B2BE0EB9C002EC81D /* SearchView.swift in Sources */,
				E890875A2BE2271C000AA2B4 /* IGTextFieldModifier.swift in Sources */,
				E83A408C2BEE052B00F16458 /* UploadPostView.swift in Sources */,
				E8589FF22BF5E3550095F717 /* EditProfileViewModel.swift in Sources */,
				E8589FDA2BF1EC6D0095F717 /* AuthService.swift in Sources */,
				E8F9C5152BE0BC37002EC81D /* UserStatView.swift in Sources */,
				E83A40812BECB5C900F16458 /* UserButtonOptionView.swift in Sources */,
				E8589FE12BF1F0BC0095F717 /* ContentViewModel.swift in Sources */,
				E8F9C5172BE0E225002EC81D /* FeedView.swift in Sources */,
				E8F9C5102BE0B4AE002EC81D /* MainTabView.swift in Sources */,
				E890875E2BE2311E000AA2B4 /* CreatePasswordView.swift in Sources */,
			);
			runOnlyForDeploymentPostprocessing = 0;
		};
/* End PBXSourcesBuildPhase section */

/* Begin XCBuildConfiguration section */
		E8F9C4FD2BE0B08D002EC81D /* Debug */ = {
			isa = XCBuildConfiguration;
			buildSettings = {
				ALWAYS_SEARCH_USER_PATHS = NO;
				ASSETCATALOG_COMPILER_GENERATE_SWIFT_ASSET_SYMBOL_EXTENSIONS = YES;
				CLANG_ANALYZER_NONNULL = YES;
				CLANG_ANALYZER_NUMBER_OBJECT_CONVERSION = YES_AGGRESSIVE;
				CLANG_CXX_LANGUAGE_STANDARD = "gnu++20";
				CLANG_ENABLE_MODULES = YES;
				CLANG_ENABLE_OBJC_ARC = YES;
				CLANG_ENABLE_OBJC_WEAK = YES;
				CLANG_WARN_BLOCK_CAPTURE_AUTORELEASING = YES;
				CLANG_WARN_BOOL_CONVERSION = YES;
				CLANG_WARN_COMMA = YES;
				CLANG_WARN_CONSTANT_CONVERSION = YES;
				CLANG_WARN_DEPRECATED_OBJC_IMPLEMENTATIONS = YES;
				CLANG_WARN_DIRECT_OBJC_ISA_USAGE = YES_ERROR;
				CLANG_WARN_DOCUMENTATION_COMMENTS = YES;
				CLANG_WARN_EMPTY_BODY = YES;
				CLANG_WARN_ENUM_CONVERSION = YES;
				CLANG_WARN_INFINITE_RECURSION = YES;
				CLANG_WARN_INT_CONVERSION = YES;
				CLANG_WARN_NON_LITERAL_NULL_CONVERSION = YES;
				CLANG_WARN_OBJC_IMPLICIT_RETAIN_SELF = YES;
				CLANG_WARN_OBJC_LITERAL_CONVERSION = YES;
				CLANG_WARN_OBJC_ROOT_CLASS = YES_ERROR;
				CLANG_WARN_QUOTED_INCLUDE_IN_FRAMEWORK_HEADER = YES;
				CLANG_WARN_RANGE_LOOP_ANALYSIS = YES;
				CLANG_WARN_STRICT_PROTOTYPES = YES;
				CLANG_WARN_SUSPICIOUS_MOVE = YES;
				CLANG_WARN_UNGUARDED_AVAILABILITY = YES_AGGRESSIVE;
				CLANG_WARN_UNREACHABLE_CODE = YES;
				CLANG_WARN__DUPLICATE_METHOD_MATCH = YES;
				COPY_PHASE_STRIP = NO;
				DEBUG_INFORMATION_FORMAT = dwarf;
				ENABLE_STRICT_OBJC_MSGSEND = YES;
				ENABLE_TESTABILITY = YES;
				ENABLE_USER_SCRIPT_SANDBOXING = YES;
				GCC_C_LANGUAGE_STANDARD = gnu17;
				GCC_DYNAMIC_NO_PIC = NO;
				GCC_NO_COMMON_BLOCKS = YES;
				GCC_OPTIMIZATION_LEVEL = 0;
				GCC_PREPROCESSOR_DEFINITIONS = (
					"DEBUG=1",
					"$(inherited)",
				);
				GCC_WARN_64_TO_32_BIT_CONVERSION = YES;
				GCC_WARN_ABOUT_RETURN_TYPE = YES_ERROR;
				GCC_WARN_UNDECLARED_SELECTOR = YES;
				GCC_WARN_UNINITIALIZED_AUTOS = YES_AGGRESSIVE;
				GCC_WARN_UNUSED_FUNCTION = YES;
				GCC_WARN_UNUSED_VARIABLE = YES;
				IPHONEOS_DEPLOYMENT_TARGET = 17.4;
				LOCALIZATION_PREFERS_STRING_CATALOGS = YES;
				MTL_ENABLE_DEBUG_INFO = INCLUDE_SOURCE;
				MTL_FAST_MATH = YES;
				ONLY_ACTIVE_ARCH = YES;
				SDKROOT = iphoneos;
				SWIFT_ACTIVE_COMPILATION_CONDITIONS = "DEBUG $(inherited)";
				SWIFT_OPTIMIZATION_LEVEL = "-Onone";
			};
			name = Debug;
		};
		E8F9C4FE2BE0B08D002EC81D /* Release */ = {
			isa = XCBuildConfiguration;
			buildSettings = {
				ALWAYS_SEARCH_USER_PATHS = NO;
				ASSETCATALOG_COMPILER_GENERATE_SWIFT_ASSET_SYMBOL_EXTENSIONS = YES;
				CLANG_ANALYZER_NONNULL = YES;
				CLANG_ANALYZER_NUMBER_OBJECT_CONVERSION = YES_AGGRESSIVE;
				CLANG_CXX_LANGUAGE_STANDARD = "gnu++20";
				CLANG_ENABLE_MODULES = YES;
				CLANG_ENABLE_OBJC_ARC = YES;
				CLANG_ENABLE_OBJC_WEAK = YES;
				CLANG_WARN_BLOCK_CAPTURE_AUTORELEASING = YES;
				CLANG_WARN_BOOL_CONVERSION = YES;
				CLANG_WARN_COMMA = YES;
				CLANG_WARN_CONSTANT_CONVERSION = YES;
				CLANG_WARN_DEPRECATED_OBJC_IMPLEMENTATIONS = YES;
				CLANG_WARN_DIRECT_OBJC_ISA_USAGE = YES_ERROR;
				CLANG_WARN_DOCUMENTATION_COMMENTS = YES;
				CLANG_WARN_EMPTY_BODY = YES;
				CLANG_WARN_ENUM_CONVERSION = YES;
				CLANG_WARN_INFINITE_RECURSION = YES;
				CLANG_WARN_INT_CONVERSION = YES;
				CLANG_WARN_NON_LITERAL_NULL_CONVERSION = YES;
				CLANG_WARN_OBJC_IMPLICIT_RETAIN_SELF = YES;
				CLANG_WARN_OBJC_LITERAL_CONVERSION = YES;
				CLANG_WARN_OBJC_ROOT_CLASS = YES_ERROR;
				CLANG_WARN_QUOTED_INCLUDE_IN_FRAMEWORK_HEADER = YES;
				CLANG_WARN_RANGE_LOOP_ANALYSIS = YES;
				CLANG_WARN_STRICT_PROTOTYPES = YES;
				CLANG_WARN_SUSPICIOUS_MOVE = YES;
				CLANG_WARN_UNGUARDED_AVAILABILITY = YES_AGGRESSIVE;
				CLANG_WARN_UNREACHABLE_CODE = YES;
				CLANG_WARN__DUPLICATE_METHOD_MATCH = YES;
				COPY_PHASE_STRIP = NO;
				DEBUG_INFORMATION_FORMAT = "dwarf-with-dsym";
				ENABLE_NS_ASSERTIONS = NO;
				ENABLE_STRICT_OBJC_MSGSEND = YES;
				ENABLE_USER_SCRIPT_SANDBOXING = YES;
				GCC_C_LANGUAGE_STANDARD = gnu17;
				GCC_NO_COMMON_BLOCKS = YES;
				GCC_WARN_64_TO_32_BIT_CONVERSION = YES;
				GCC_WARN_ABOUT_RETURN_TYPE = YES_ERROR;
				GCC_WARN_UNDECLARED_SELECTOR = YES;
				GCC_WARN_UNINITIALIZED_AUTOS = YES_AGGRESSIVE;
				GCC_WARN_UNUSED_FUNCTION = YES;
				GCC_WARN_UNUSED_VARIABLE = YES;
				IPHONEOS_DEPLOYMENT_TARGET = 17.4;
				LOCALIZATION_PREFERS_STRING_CATALOGS = YES;
				MTL_ENABLE_DEBUG_INFO = NO;
				MTL_FAST_MATH = YES;
				SDKROOT = iphoneos;
				SWIFT_COMPILATION_MODE = wholemodule;
				VALIDATE_PRODUCT = YES;
			};
			name = Release;
		};
		E8F9C5002BE0B08D002EC81D /* Debug */ = {
			isa = XCBuildConfiguration;
			buildSettings = {
				ASSETCATALOG_COMPILER_APPICON_NAME = AppIcon;
				ASSETCATALOG_COMPILER_GLOBAL_ACCENT_COLOR_NAME = AccentColor;
				CODE_SIGN_STYLE = Automatic;
				CURRENT_PROJECT_VERSION = 1;
				DEVELOPMENT_ASSET_PATHS = "\"InstagramTutorial/Preview Content\"";
				DEVELOPMENT_TEAM = 52YSN62MCL;
				ENABLE_PREVIEWS = YES;
				GENERATE_INFOPLIST_FILE = YES;
				INFOPLIST_KEY_NSPhotoLibraryAddUsageDescription = "앨범 쓰기 권한을 열어주세요.";
				INFOPLIST_KEY_NSPhotoLibraryUsageDescription = "앨범 접근 허가가 필요합니다.";
				INFOPLIST_KEY_UIApplicationSceneManifest_Generation = YES;
				INFOPLIST_KEY_UIApplicationSupportsIndirectInputEvents = YES;
				INFOPLIST_KEY_UILaunchScreen_Generation = YES;
				INFOPLIST_KEY_UISupportedInterfaceOrientations_iPad = "UIInterfaceOrientationPortrait UIInterfaceOrientationPortraitUpsideDown UIInterfaceOrientationLandscapeLeft UIInterfaceOrientationLandscapeRight";
				INFOPLIST_KEY_UISupportedInterfaceOrientations_iPhone = "UIInterfaceOrientationPortrait UIInterfaceOrientationLandscapeLeft UIInterfaceOrientationLandscapeRight";
				LD_RUNPATH_SEARCH_PATHS = (
					"$(inherited)",
					"@executable_path/Frameworks",
				);
				MARKETING_VERSION = 1.0;
				PRODUCT_BUNDLE_IDENTIFIER = com.GGDol.InstagramTutorial;
				PRODUCT_NAME = "$(TARGET_NAME)";
				SWIFT_EMIT_LOC_STRINGS = YES;
				SWIFT_VERSION = 5.0;
				TARGETED_DEVICE_FAMILY = "1,2";
			};
			name = Debug;
		};
		E8F9C5012BE0B08D002EC81D /* Release */ = {
			isa = XCBuildConfiguration;
			buildSettings = {
				ASSETCATALOG_COMPILER_APPICON_NAME = AppIcon;
				ASSETCATALOG_COMPILER_GLOBAL_ACCENT_COLOR_NAME = AccentColor;
				CODE_SIGN_STYLE = Automatic;
				CURRENT_PROJECT_VERSION = 1;
				DEVELOPMENT_ASSET_PATHS = "\"InstagramTutorial/Preview Content\"";
				DEVELOPMENT_TEAM = 52YSN62MCL;
				ENABLE_PREVIEWS = YES;
				GENERATE_INFOPLIST_FILE = YES;
				INFOPLIST_KEY_NSPhotoLibraryAddUsageDescription = "앨범 쓰기 권한을 열어주세요.";
				INFOPLIST_KEY_NSPhotoLibraryUsageDescription = "앨범 접근 허가가 필요합니다.";
				INFOPLIST_KEY_UIApplicationSceneManifest_Generation = YES;
				INFOPLIST_KEY_UIApplicationSupportsIndirectInputEvents = YES;
				INFOPLIST_KEY_UILaunchScreen_Generation = YES;
				INFOPLIST_KEY_UISupportedInterfaceOrientations_iPad = "UIInterfaceOrientationPortrait UIInterfaceOrientationPortraitUpsideDown UIInterfaceOrientationLandscapeLeft UIInterfaceOrientationLandscapeRight";
				INFOPLIST_KEY_UISupportedInterfaceOrientations_iPhone = "UIInterfaceOrientationPortrait UIInterfaceOrientationLandscapeLeft UIInterfaceOrientationLandscapeRight";
				LD_RUNPATH_SEARCH_PATHS = (
					"$(inherited)",
					"@executable_path/Frameworks",
				);
				MARKETING_VERSION = 1.0;
				PRODUCT_BUNDLE_IDENTIFIER = com.GGDol.InstagramTutorial;
				PRODUCT_NAME = "$(TARGET_NAME)";
				SWIFT_EMIT_LOC_STRINGS = YES;
				SWIFT_VERSION = 5.0;
				TARGETED_DEVICE_FAMILY = "1,2";
			};
			name = Release;
		};
/* End XCBuildConfiguration section */

/* Begin XCConfigurationList section */
		E8F9C4EC2BE0B08A002EC81D /* Build configuration list for PBXProject "InstagramTutorial" */ = {
			isa = XCConfigurationList;
			buildConfigurations = (
				E8F9C4FD2BE0B08D002EC81D /* Debug */,
				E8F9C4FE2BE0B08D002EC81D /* Release */,
			);
			defaultConfigurationIsVisible = 0;
			defaultConfigurationName = Release;
		};
		E8F9C4FF2BE0B08D002EC81D /* Build configuration list for PBXNativeTarget "InstagramTutorial" */ = {
			isa = XCConfigurationList;
			buildConfigurations = (
				E8F9C5002BE0B08D002EC81D /* Debug */,
				E8F9C5012BE0B08D002EC81D /* Release */,
			);
			defaultConfigurationIsVisible = 0;
			defaultConfigurationName = Release;
		};
/* End XCConfigurationList section */

/* Begin XCRemoteSwiftPackageReference section */
		E8589FCE2BF1E9EB0095F717 /* XCRemoteSwiftPackageReference "firebase-ios-sdk" */ = {
			isa = XCRemoteSwiftPackageReference;
			repositoryURL = "https://github.com/firebase/firebase-ios-sdk";
			requirement = {
				kind = upToNextMajorVersion;
				minimumVersion = 10.25.0;
			};
		};
		E8589FF52BF5F3450095F717 /* XCRemoteSwiftPackageReference "kingfisher" */ = {
			isa = XCRemoteSwiftPackageReference;
			repositoryURL = "https://github.com/onevcat/kingfisher.git";
			requirement = {
				kind = upToNextMajorVersion;
				minimumVersion = 7.11.0;
			};
		};
/* End XCRemoteSwiftPackageReference section */

/* Begin XCSwiftPackageProductDependency section */
		E8589FCF2BF1E9EB0095F717 /* FirebaseAuth */ = {
			isa = XCSwiftPackageProductDependency;
			package = E8589FCE2BF1E9EB0095F717 /* XCRemoteSwiftPackageReference "firebase-ios-sdk" */;
			productName = FirebaseAuth;
		};
		E8589FD12BF1E9EB0095F717 /* FirebaseFirestore */ = {
			isa = XCSwiftPackageProductDependency;
			package = E8589FCE2BF1E9EB0095F717 /* XCRemoteSwiftPackageReference "firebase-ios-sdk" */;
			productName = FirebaseFirestore;
		};
		E8589FD32BF1E9EB0095F717 /* FirebaseFirestoreSwift */ = {
			isa = XCSwiftPackageProductDependency;
			package = E8589FCE2BF1E9EB0095F717 /* XCRemoteSwiftPackageReference "firebase-ios-sdk" */;
			productName = FirebaseFirestoreSwift;
		};
		E8589FD52BF1E9EB0095F717 /* FirebaseStorage */ = {
			isa = XCSwiftPackageProductDependency;
			package = E8589FCE2BF1E9EB0095F717 /* XCRemoteSwiftPackageReference "firebase-ios-sdk" */;
			productName = FirebaseStorage;
		};
		E8589FF62BF5F3450095F717 /* Kingfisher */ = {
			isa = XCSwiftPackageProductDependency;
			package = E8589FF52BF5F3450095F717 /* XCRemoteSwiftPackageReference "kingfisher" */;
			productName = Kingfisher;
		};
/* End XCSwiftPackageProductDependency section */
	};
	rootObject = E8F9C4E92BE0B08A002EC81D /* Project object */;
}
